
Microsoft Visual Studio Solution File, Format Version 12.00
# Visual Studio 15
VisualStudioVersion = 15.0.28307.757
MinimumVisualStudioVersion = 10.0.40219.1
Project("{FAE04EC0-301F-11D3-BF4B-00C04F79EFBC}") = "PoGoSearchGeneratorApi", "PoGoSearchGeneratorApi\PoGoSearchGeneratorApi.csproj", "{7567D9C2-A952-4A70-9D24-9B2C9D529E60}"
EndProject
Project("{FAE04EC0-301F-11D3-BF4B-00C04F79EFBC}") = "PoGoSearchGenerator.xUnitTest", "PoGoSearchGenerator.xUnitTest\PoGoSearchGenerator.xUnitTest.csproj", "{12BAB0C9-8BD1-4C64-A18F-F43ECC6380A3}"
EndProject
Global
	GlobalSection(SolutionConfigurationPlatforms) = preSolution
		Debug|Any CPU = Debug|Any CPU
		Release|Any CPU = Release|Any CPU
	EndGlobalSection
	GlobalSection(ProjectConfigurationPlatforms) = postSolution
		{7567D9C2-A952-4A70-9D24-9B2C9D529E60}.Debug|Any CPU.ActiveCfg = Debug|Any CPU
		{7567D9C2-A952-4A70-9D24-9B2C9D529E60}.Debug|Any CPU.Build.0 = Debug|Any CPU
		{7567D9C2-A952-4A70-9D24-9B2C9D529E60}.Release|Any CPU.ActiveCfg = Release|Any CPU
		{7567D9C2-A952-4A70-9D24-9B2C9D529E60}.Release|Any CPU.Build.0 = Release|Any CPU
		{12BAB0C9-8BD1-4C64-A18F-F43ECC6380A3}.Debug|Any CPU.ActiveCfg = Debug|Any CPU
		{12BAB0C9-8BD1-4C64-A18F-F43ECC6380A3}.Debug|Any CPU.Build.0 = Debug|Any CPU
		{12BAB0C9-8BD1-4C64-A18F-F43ECC6380A3}.Release|Any CPU.ActiveCfg = Release|Any CPU
		{12BAB0C9-8BD1-4C64-A18F-F43ECC6380A3}.Release|Any CPU.Build.0 = Release|Any CPU
	EndGlobalSection
	GlobalSection(SolutionProperties) = preSolution
		HideSolutionNode = FALSE
	EndGlobalSection
	GlobalSection(ExtensibilityGlobals) = postSolution
		SolutionGuid = {42AF8F06-8959-4EA0-BE0D-7703E68CE307}
	EndGlobalSection
EndGlobal
